// !$*UTF8*$!
{
	archiveVersion = 1;
	classes = {
	};
	objectVersion = 50;
	objects = {

/* Begin PBXBuildFile section */
		603B4AA6253469A900296FB7 /* AppDelegate.swift in Sources */ = {isa = PBXBuildFile; fileRef = 603B4AA5253469A900296FB7 /* AppDelegate.swift */; };
		603B4AAA253469A900296FB7 /* MainViewController.swift in Sources */ = {isa = PBXBuildFile; fileRef = 603B4AA9253469A900296FB7 /* MainViewController.swift */; };
		603B4AAF253469AB00296FB7 /* Assets.xcassets in Resources */ = {isa = PBXBuildFile; fileRef = 603B4AAE253469AB00296FB7 /* Assets.xcassets */; };
		603B4AB2253469AB00296FB7 /* LaunchScreen.storyboard in Resources */ = {isa = PBXBuildFile; fileRef = 603B4AB0253469AB00296FB7 /* LaunchScreen.storyboard */; };
		603B4ABD253469AB00296FB7 /* TASK_NumberOfCardsTests.swift in Sources */ = {isa = PBXBuildFile; fileRef = 603B4ABC253469AB00296FB7 /* TASK_NumberOfCardsTests.swift */; };
		603B4AC8253469AB00296FB7 /* TASK_NumberOfCardsUITests.swift in Sources */ = {isa = PBXBuildFile; fileRef = 603B4AC7253469AB00296FB7 /* TASK_NumberOfCardsUITests.swift */; };
		603B4AE2253475AE00296FB7 /* GambleButton.swift in Sources */ = {isa = PBXBuildFile; fileRef = 603B4AE1253475AE00296FB7 /* GambleButton.swift */; };
/* End PBXBuildFile section */

/* Begin PBXContainerItemProxy section */
		603B4AB9253469AB00296FB7 /* PBXContainerItemProxy */ = {
			isa = PBXContainerItemProxy;
			containerPortal = 603B4A9A253469A900296FB7 /* Project object */;
			proxyType = 1;
			remoteGlobalIDString = 603B4AA1253469A900296FB7;
			remoteInfo = "TASK-NumberOfCards";
		};
		603B4AC4253469AB00296FB7 /* PBXContainerItemProxy */ = {
			isa = PBXContainerItemProxy;
			containerPortal = 603B4A9A253469A900296FB7 /* Project object */;
			proxyType = 1;
			remoteGlobalIDString = 603B4AA1253469A900296FB7;
			remoteInfo = "TASK-NumberOfCards";
		};
/* End PBXContainerItemProxy section */

/* Begin PBXFileReference section */
		603B4AA2253469A900296FB7 /* TASK-NumberOfCards.app */ = {isa = PBXFileReference; explicitFileType = wrapper.application; includeInIndex = 0; path = "TASK-NumberOfCards.app"; sourceTree = BUILT_PRODUCTS_DIR; };
		603B4AA5253469A900296FB7 /* AppDelegate.swift */ = {isa = PBXFileReference; lastKnownFileType = sourcecode.swift; path = AppDelegate.swift; sourceTree = "<group>"; };
		603B4AA9253469A900296FB7 /* MainViewController.swift */ = {isa = PBXFileReference; lastKnownFileType = sourcecode.swift; path = MainViewController.swift; sourceTree = "<group>"; };
		603B4AAE253469AB00296FB7 /* Assets.xcassets */ = {isa = PBXFileReference; lastKnownFileType = folder.assetcatalog; path = Assets.xcassets; sourceTree = "<group>"; };
		603B4AB1253469AB00296FB7 /* Base */ = {isa = PBXFileReference; lastKnownFileType = file.storyboard; name = Base; path = Base.lproj/LaunchScreen.storyboard; sourceTree = "<group>"; };
		603B4AB3253469AB00296FB7 /* Info.plist */ = {isa = PBXFileReference; lastKnownFileType = text.plist.xml; path = Info.plist; sourceTree = "<group>"; };
		603B4AB8253469AB00296FB7 /* TASK-NumberOfCardsTests.xctest */ = {isa = PBXFileReference; explicitFileType = wrapper.cfbundle; includeInIndex = 0; path = "TASK-NumberOfCardsTests.xctest"; sourceTree = BUILT_PRODUCTS_DIR; };
		603B4ABC253469AB00296FB7 /* TASK_NumberOfCardsTests.swift */ = {isa = PBXFileReference; lastKnownFileType = sourcecode.swift; path = TASK_NumberOfCardsTests.swift; sourceTree = "<group>"; };
		603B4ABE253469AB00296FB7 /* Info.plist */ = {isa = PBXFileReference; lastKnownFileType = text.plist.xml; path = Info.plist; sourceTree = "<group>"; };
		603B4AC3253469AB00296FB7 /* TASK-NumberOfCardsUITests.xctest */ = {isa = PBXFileReference; explicitFileType = wrapper.cfbundle; includeInIndex = 0; path = "TASK-NumberOfCardsUITests.xctest"; sourceTree = BUILT_PRODUCTS_DIR; };
		603B4AC7253469AB00296FB7 /* TASK_NumberOfCardsUITests.swift */ = {isa = PBXFileReference; lastKnownFileType = sourcecode.swift; path = TASK_NumberOfCardsUITests.swift; sourceTree = "<group>"; };
		603B4AC9253469AB00296FB7 /* Info.plist */ = {isa = PBXFileReference; lastKnownFileType = text.plist.xml; path = Info.plist; sourceTree = "<group>"; };
		603B4AE1253475AE00296FB7 /* GambleButton.swift */ = {isa = PBXFileReference; lastKnownFileType = sourcecode.swift; path = GambleButton.swift; sourceTree = "<group>"; };
/* End PBXFileReference section */

/* Begin PBXFrameworksBuildPhase section */
		603B4A9F253469A900296FB7 /* Frameworks */ = {
			isa = PBXFrameworksBuildPhase;
			buildActionMask = 2147483647;
			files = (
			);
			runOnlyForDeploymentPostprocessing = 0;
		};
		603B4AB5253469AB00296FB7 /* Frameworks */ = {
			isa = PBXFrameworksBuildPhase;
			buildActionMask = 2147483647;
			files = (
			);
			runOnlyForDeploymentPostprocessing = 0;
		};
		603B4AC0253469AB00296FB7 /* Frameworks */ = {
			isa = PBXFrameworksBuildPhase;
			buildActionMask = 2147483647;
			files = (
			);
			runOnlyForDeploymentPostprocessing = 0;
		};
/* End PBXFrameworksBuildPhase section */

/* Begin PBXGroup section */
		603B4A99253469A900296FB7 = {
			isa = PBXGroup;
			children = (
				603B4AA4253469A900296FB7 /* TASK-NumberOfCards */,
				603B4ABB253469AB00296FB7 /* TASK-NumberOfCardsTests */,
				603B4AC6253469AB00296FB7 /* TASK-NumberOfCardsUITests */,
				603B4AA3253469A900296FB7 /* Products */,
			);
			sourceTree = "<group>";
		};
		603B4AA3253469A900296FB7 /* Products */ = {
			isa = PBXGroup;
			children = (
				603B4AA2253469A900296FB7 /* TASK-NumberOfCards.app */,
				603B4AB8253469AB00296FB7 /* TASK-NumberOfCardsTests.xctest */,
				603B4AC3253469AB00296FB7 /* TASK-NumberOfCardsUITests.xctest */,
			);
			name = Products;
			sourceTree = "<group>";
		};
		603B4AA4253469A900296FB7 /* TASK-NumberOfCards */ = {
			isa = PBXGroup;
			children = (
				603B4AA5253469A900296FB7 /* AppDelegate.swift */,
				603B4AA9253469A900296FB7 /* MainViewController.swift */,
				603B4AE1253475AE00296FB7 /* GambleButton.swift */,
				603B4AAE253469AB00296FB7 /* Assets.xcassets */,
				603B4AB0253469AB00296FB7 /* LaunchScreen.storyboard */,
				603B4AB3253469AB00296FB7 /* Info.plist */,
			);
			path = "TASK-NumberOfCards";
			sourceTree = "<group>";
		};
		603B4ABB253469AB00296FB7 /* TASK-NumberOfCardsTests */ = {
			isa = PBXGroup;
			children = (
				603B4ABC253469AB00296FB7 /* TASK_NumberOfCardsTests.swift */,
				603B4ABE253469AB00296FB7 /* Info.plist */,
			);
			path = "TASK-NumberOfCardsTests";
			sourceTree = "<group>";
		};
		603B4AC6253469AB00296FB7 /* TASK-NumberOfCardsUITests */ = {
			isa = PBXGroup;
			children = (
				603B4AC7253469AB00296FB7 /* TASK_NumberOfCardsUITests.swift */,
				603B4AC9253469AB00296FB7 /* Info.plist */,
			);
			path = "TASK-NumberOfCardsUITests";
			sourceTree = "<group>";
		};
/* End PBXGroup section */

/* Begin PBXNativeTarget section */
		603B4AA1253469A900296FB7 /* TASK-NumberOfCards */ = {
			isa = PBXNativeTarget;
			buildConfigurationList = 603B4ACC253469AB00296FB7 /* Build configuration list for PBXNativeTarget "TASK-NumberOfCards" */;
			buildPhases = (
				603B4A9E253469A900296FB7 /* Sources */,
				603B4A9F253469A900296FB7 /* Frameworks */,
				603B4AA0253469A900296FB7 /* Resources */,
			);
			buildRules = (
			);
			dependencies = (
			);
			name = "TASK-NumberOfCards";
			productName = "TASK-NumberOfCards";
			productReference = 603B4AA2253469A900296FB7 /* TASK-NumberOfCards.app */;
			productType = "com.apple.product-type.application";
		};
		603B4AB7253469AB00296FB7 /* TASK-NumberOfCardsTests */ = {
			isa = PBXNativeTarget;
			buildConfigurationList = 603B4ACF253469AB00296FB7 /* Build configuration list for PBXNativeTarget "TASK-NumberOfCardsTests" */;
			buildPhases = (
				603B4AB4253469AB00296FB7 /* Sources */,
				603B4AB5253469AB00296FB7 /* Frameworks */,
				603B4AB6253469AB00296FB7 /* Resources */,
			);
			buildRules = (
			);
			dependencies = (
				603B4ABA253469AB00296FB7 /* PBXTargetDependency */,
			);
			name = "TASK-NumberOfCardsTests";
			productName = "TASK-NumberOfCardsTests";
			productReference = 603B4AB8253469AB00296FB7 /* TASK-NumberOfCardsTests.xctest */;
			productType = "com.apple.product-type.bundle.unit-test";
		};
		603B4AC2253469AB00296FB7 /* TASK-NumberOfCardsUITests */ = {
			isa = PBXNativeTarget;
			buildConfigurationList = 603B4AD2253469AB00296FB7 /* Build configuration list for PBXNativeTarget "TASK-NumberOfCardsUITests" */;
			buildPhases = (
				603B4ABF253469AB00296FB7 /* Sources */,
				603B4AC0253469AB00296FB7 /* Frameworks */,
				603B4AC1253469AB00296FB7 /* Resources */,
			);
			buildRules = (
			);
			dependencies = (
				603B4AC5253469AB00296FB7 /* PBXTargetDependency */,
			);
			name = "TASK-NumberOfCardsUITests";
			productName = "TASK-NumberOfCardsUITests";
			productReference = 603B4AC3253469AB00296FB7 /* TASK-NumberOfCardsUITests.xctest */;
			productType = "com.apple.product-type.bundle.ui-testing";
		};
/* End PBXNativeTarget section */

/* Begin PBXProject section */
		603B4A9A253469A900296FB7 /* Project object */ = {
			isa = PBXProject;
			attributes = {
				LastSwiftUpdateCheck = 1200;
				LastUpgradeCheck = 1200;
				TargetAttributes = {
					603B4AA1253469A900296FB7 = {
						CreatedOnToolsVersion = 12.0.1;
					};
					603B4AB7253469AB00296FB7 = {
						CreatedOnToolsVersion = 12.0.1;
						TestTargetID = 603B4AA1253469A900296FB7;
					};
					603B4AC2253469AB00296FB7 = {
						CreatedOnToolsVersion = 12.0.1;
						TestTargetID = 603B4AA1253469A900296FB7;
					};
				};
			};
			buildConfigurationList = 603B4A9D253469A900296FB7 /* Build configuration list for PBXProject "TASK-NumberOfCards" */;
			compatibilityVersion = "Xcode 9.3";
			developmentRegion = en;
			hasScannedForEncodings = 0;
			knownRegions = (
				en,
				Base,
			);
			mainGroup = 603B4A99253469A900296FB7;
			productRefGroup = 603B4AA3253469A900296FB7 /* Products */;
			projectDirPath = "";
			projectRoot = "";
			targets = (
				603B4AA1253469A900296FB7 /* TASK-NumberOfCards */,
				603B4AB7253469AB00296FB7 /* TASK-NumberOfCardsTests */,
				603B4AC2253469AB00296FB7 /* TASK-NumberOfCardsUITests */,
			);
		};
/* End PBXProject section */

/* Begin PBXResourcesBuildPhase section */
		603B4AA0253469A900296FB7 /* Resources */ = {
			isa = PBXResourcesBuildPhase;
			buildActionMask = 2147483647;
			files = (
				603B4AB2253469AB00296FB7 /* LaunchScreen.storyboard in Resources */,
				603B4AAF253469AB00296FB7 /* Assets.xcassets in Resources */,
			);
			runOnlyForDeploymentPostprocessing = 0;
		};
		603B4AB6253469AB00296FB7 /* Resources */ = {
			isa = PBXResourcesBuildPhase;
			buildActionMask = 2147483647;
			files = (
			);
			runOnlyForDeploymentPostprocessing = 0;
		};
		603B4AC1253469AB00296FB7 /* Resources */ = {
			isa = PBXResourcesBuildPhase;
			buildActionMask = 2147483647;
			files = (
			);
			runOnlyForDeploymentPostprocessing = 0;
		};
/* End PBXResourcesBuildPhase section */

/* Begin PBXSourcesBuildPhase section */
		603B4A9E253469A900296FB7 /* Sources */ = {
			isa = PBXSourcesBuildPhase;
			buildActionMask = 2147483647;
			files = (
				603B4AAA253469A900296FB7 /* MainViewController.swift in Sources */,
				603B4AE2253475AE00296FB7 /* GambleButton.swift in Sources */,
				603B4AA6253469A900296FB7 /* AppDelegate.swift in Sources */,
			);
			runOnlyForDeploymentPostprocessing = 0;
		};
		603B4AB4253469AB00296FB7 /* Sources */ = {
			isa = PBXSourcesBuildPhase;
			buildActionMask = 2147483647;
			files = (
				603B4ABD253469AB00296FB7 /* TASK_NumberOfCardsTests.swift in Sources */,
			);
			runOnlyForDeploymentPostprocessing = 0;
		};
		603B4ABF253469AB00296FB7 /* Sources */ = {
			isa = PBXSourcesBuildPhase;
			buildActionMask = 2147483647;
			files = (
				603B4AC8253469AB00296FB7 /* TASK_NumberOfCardsUITests.swift in Sources */,
			);
			runOnlyForDeploymentPostprocessing = 0;
		};
/* End PBXSourcesBuildPhase section */

/* Begin PBXTargetDependency section */
		603B4ABA253469AB00296FB7 /* PBXTargetDependency */ = {
			isa = PBXTargetDependency;
			target = 603B4AA1253469A900296FB7 /* TASK-NumberOfCards */;
			targetProxy = 603B4AB9253469AB00296FB7 /* PBXContainerItemProxy */;
		};
		603B4AC5253469AB00296FB7 /* PBXTargetDependency */ = {
			isa = PBXTargetDependency;
			target = 603B4AA1253469A900296FB7 /* TASK-NumberOfCards */;
			targetProxy = 603B4AC4253469AB00296FB7 /* PBXContainerItemProxy */;
		};
/* End PBXTargetDependency section */

/* Begin PBXVariantGroup section */
		603B4AB0253469AB00296FB7 /* LaunchScreen.storyboard */ = {
			isa = PBXVariantGroup;
			children = (
				603B4AB1253469AB00296FB7 /* Base */,
			);
			name = LaunchScreen.storyboard;
			sourceTree = "<group>";
		};
/* End PBXVariantGroup section */

/* Begin XCBuildConfiguration section */
		603B4ACA253469AB00296FB7 /* Debug */ = {
			isa = XCBuildConfiguration;
			buildSettings = {
				ALWAYS_SEARCH_USER_PATHS = NO;
				CLANG_ANALYZER_NONNULL = YES;
				CLANG_ANALYZER_NUMBER_OBJECT_CONVERSION = YES_AGGRESSIVE;
				CLANG_CXX_LANGUAGE_STANDARD = "gnu++14";
				CLANG_CXX_LIBRARY = "libc++";
				CLANG_ENABLE_MODULES = YES;
				CLANG_ENABLE_OBJC_ARC = YES;
				CLANG_ENABLE_OBJC_WEAK = YES;
				CLANG_WARN_BLOCK_CAPTURE_AUTORELEASING = YES;
				CLANG_WARN_BOOL_CONVERSION = YES;
				CLANG_WARN_COMMA = YES;
				CLANG_WARN_CONSTANT_CONVERSION = YES;
				CLANG_WARN_DEPRECATED_OBJC_IMPLEMENTATIONS = YES;
				CLANG_WARN_DIRECT_OBJC_ISA_USAGE = YES_ERROR;
				CLANG_WARN_DOCUMENTATION_COMMENTS = YES;
				CLANG_WARN_EMPTY_BODY = YES;
				CLANG_WARN_ENUM_CONVERSION = YES;
				CLANG_WARN_INFINITE_RECURSION = YES;
				CLANG_WARN_INT_CONVERSION = YES;
				CLANG_WARN_NON_LITERAL_NULL_CONVERSION = YES;
				CLANG_WARN_OBJC_IMPLICIT_RETAIN_SELF = YES;
				CLANG_WARN_OBJC_LITERAL_CONVERSION = YES;
				CLANG_WARN_OBJC_ROOT_CLASS = YES_ERROR;
				CLANG_WARN_QUOTED_INCLUDE_IN_FRAMEWORK_HEADER = YES;
				CLANG_WARN_RANGE_LOOP_ANALYSIS = YES;
				CLANG_WARN_STRICT_PROTOTYPES = YES;
				CLANG_WARN_SUSPICIOUS_MOVE = YES;
				CLANG_WARN_UNGUARDED_AVAILABILITY = YES_AGGRESSIVE;
				CLANG_WARN_UNREACHABLE_CODE = YES;
				CLANG_WARN__DUPLICATE_METHOD_MATCH = YES;
				COPY_PHASE_STRIP = NO;
				DEBUG_INFORMATION_FORMAT = dwarf;
				ENABLE_STRICT_OBJC_MSGSEND = YES;
				ENABLE_TESTABILITY = YES;
				GCC_C_LANGUAGE_STANDARD = gnu11;
				GCC_DYNAMIC_NO_PIC = NO;
				GCC_NO_COMMON_BLOCKS = YES;
				GCC_OPTIMIZATION_LEVEL = 0;
				GCC_PREPROCESSOR_DEFINITIONS = (
					"DEBUG=1",
					"$(inherited)",
				);
				GCC_WARN_64_TO_32_BIT_CONVERSION = YES;
				GCC_WARN_ABOUT_RETURN_TYPE = YES_ERROR;
				GCC_WARN_UNDECLARED_SELECTOR = YES;
				GCC_WARN_UNINITIALIZED_AUTOS = YES_AGGRESSIVE;
				GCC_WARN_UNUSED_FUNCTION = YES;
				GCC_WARN_UNUSED_VARIABLE = YES;
				IPHONEOS_DEPLOYMENT_TARGET = 14.0;
				MTL_ENABLE_DEBUG_INFO = INCLUDE_SOURCE;
				MTL_FAST_MATH = YES;
				ONLY_ACTIVE_ARCH = YES;
				SDKROOT = iphoneos;
				SWIFT_ACTIVE_COMPILATION_CONDITIONS = DEBUG;
				SWIFT_OPTIMIZATION_LEVEL = "-Onone";
			};
			name = Debug;
		};
		603B4ACB253469AB00296FB7 /* Release */ = {
			isa = XCBuildConfiguration;
			buildSettings = {
				ALWAYS_SEARCH_USER_PATHS = NO;
				CLANG_ANALYZER_NONNULL = YES;
				CLANG_ANALYZER_NUMBER_OBJECT_CONVERSION = YES_AGGRESSIVE;
				CLANG_CXX_LANGUAGE_STANDARD = "gnu++14";
				CLANG_CXX_LIBRARY = "libc++";
				CLANG_ENABLE_MODULES = YES;
				CLANG_ENABLE_OBJC_ARC = YES;
				CLANG_ENABLE_OBJC_WEAK = YES;
				CLANG_WARN_BLOCK_CAPTURE_AUTORELEASING = YES;
				CLANG_WARN_BOOL_CONVERSION = YES;
				CLANG_WARN_COMMA = YES;
				CLANG_WARN_CONSTANT_CONVERSION = YES;
				CLANG_WARN_DEPRECATED_OBJC_IMPLEMENTATIONS = YES;
				CLANG_WARN_DIRECT_OBJC_ISA_USAGE = YES_ERROR;
				CLANG_WARN_DOCUMENTATION_COMMENTS = YES;
				CLANG_WARN_EMPTY_BODY = YES;
				CLANG_WARN_ENUM_CONVERSION = YES;
				CLANG_WARN_INFINITE_RECURSION = YES;
				CLANG_WARN_INT_CONVERSION = YES;
				CLANG_WARN_NON_LITERAL_NULL_CONVERSION = YES;
				CLANG_WARN_OBJC_IMPLICIT_RETAIN_SELF = YES;
				CLANG_WARN_OBJC_LITERAL_CONVERSION = YES;
				CLANG_WARN_OBJC_ROOT_CLASS = YES_ERROR;
				CLANG_WARN_QUOTED_INCLUDE_IN_FRAMEWORK_HEADER = YES;
				CLANG_WARN_RANGE_LOOP_ANALYSIS = YES;
				CLANG_WARN_STRICT_PROTOTYPES = YES;
				CLANG_WARN_SUSPICIOUS_MOVE = YES;
				CLANG_WARN_UNGUARDED_AVAILABILITY = YES_AGGRESSIVE;
				CLANG_WARN_UNREACHABLE_CODE = YES;
				CLANG_WARN__DUPLICATE_METHOD_MATCH = YES;
				COPY_PHASE_STRIP = NO;
				DEBUG_INFORMATION_FORMAT = "dwarf-with-dsym";
				ENABLE_NS_ASSERTIONS = NO;
				ENABLE_STRICT_OBJC_MSGSEND = YES;
				GCC_C_LANGUAGE_STANDARD = gnu11;
				GCC_NO_COMMON_BLOCKS = YES;
				GCC_WARN_64_TO_32_BIT_CONVERSION = YES;
				GCC_WARN_ABOUT_RETURN_TYPE = YES_ERROR;
				GCC_WARN_UNDECLARED_SELECTOR = YES;
				GCC_WARN_UNINITIALIZED_AUTOS = YES_AGGRESSIVE;
				GCC_WARN_UNUSED_FUNCTION = YES;
				GCC_WARN_UNUSED_VARIABLE = YES;
				IPHONEOS_DEPLOYMENT_TARGET = 14.0;
				MTL_ENABLE_DEBUG_INFO = NO;
				MTL_FAST_MATH = YES;
				SDKROOT = iphoneos;
				SWIFT_COMPILATION_MODE = wholemodule;
				SWIFT_OPTIMIZATION_LEVEL = "-O";
				VALIDATE_PRODUCT = YES;
			};
			name = Release;
		};
		603B4ACD253469AB00296FB7 /* Debug */ = {
			isa = XCBuildConfiguration;
			buildSettings = {
				ASSETCATALOG_COMPILER_APPICON_NAME = AppIcon;
				ASSETCATALOG_COMPILER_GLOBAL_ACCENT_COLOR_NAME = AccentColor;
				CODE_SIGN_STYLE = Automatic;
				INFOPLIST_FILE = "TASK-NumberOfCards/Info.plist";
				LD_RUNPATH_SEARCH_PATHS = (
					"$(inherited)",
					"@executable_path/Frameworks",
				);
				PRODUCT_BUNDLE_IDENTIFIER = "com.example.TASK-NumberOfCards";
				PRODUCT_NAME = "$(TARGET_NAME)";
				SWIFT_VERSION = 5.0;
				TARGETED_DEVICE_FAMILY = "1,2";
			};
			name = Debug;
		};
		603B4ACE253469AB00296FB7 /* Release */ = {
			isa = XCBuildConfiguration;
			buildSettings = {
				ASSETCATALOG_COMPILER_APPICON_NAME = AppIcon;
				ASSETCATALOG_COMPILER_GLOBAL_ACCENT_COLOR_NAME = AccentColor;
				CODE_SIGN_STYLE = Automatic;
				INFOPLIST_FILE = "TASK-NumberOfCards/Info.plist";
				LD_RUNPATH_SEARCH_PATHS = (
					"$(inherited)",
					"@executable_path/Frameworks",
				);
				PRODUCT_BUNDLE_IDENTIFIER = "com.example.TASK-NumberOfCards";
				PRODUCT_NAME = "$(TARGET_NAME)";
				SWIFT_VERSION = 5.0;
				TARGETED_DEVICE_FAMILY = "1,2";
			};
			name = Release;
		};
		603B4AD0253469AB00296FB7 /* Debug */ = {
			isa = XCBuildConfiguration;
			buildSettings = {
				ALWAYS_EMBED_SWIFT_STANDARD_LIBRARIES = YES;
				BUNDLE_LOADER = "$(TEST_HOST)";
				CODE_SIGN_STYLE = Automatic;
				INFOPLIST_FILE = "TASK-NumberOfCardsTests/Info.plist";
				IPHONEOS_DEPLOYMENT_TARGET = 14.0;
				LD_RUNPATH_SEARCH_PATHS = (
					"$(inherited)",
					"@executable_path/Frameworks",
					"@loader_path/Frameworks",
				);
				PRODUCT_BUNDLE_IDENTIFIER = "com.example.TASK-NumberOfCardsTests";
				PRODUCT_NAME = "$(TARGET_NAME)";
				SWIFT_VERSION = 5.0;
				TARGETED_DEVICE_FAMILY = "1,2";
				TEST_HOST = "$(BUILT_PRODUCTS_DIR)/TASK-NumberOfCards.app/TASK-NumberOfCards";
			};
			name = Debug;
		};
		603B4AD1253469AB00296FB7 /* Release */ = {
			isa = XCBuildConfiguration;
			buildSettings = {
				ALWAYS_EMBED_SWIFT_STANDARD_LIBRARIES = YES;
				BUNDLE_LOADER = "$(TEST_HOST)";
				CODE_SIGN_STYLE = Automatic;
				INFOPLIST_FILE = "TASK-NumberOfCardsTests/Info.plist";
				IPHONEOS_DEPLOYMENT_TARGET = 14.0;
				LD_RUNPATH_SEARCH_PATHS = (
					"$(inherited)",
					"@executable_path/Frameworks",
					"@loader_path/Frameworks",
				);
				PRODUCT_BUNDLE_IDENTIFIER = "com.example.TASK-NumberOfCardsTests";
				PRODUCT_NAME = "$(TARGET_NAME)";
				SWIFT_VERSION = 5.0;
				TARGETED_DEVICE_FAMILY = "1,2";
				TEST_HOST = "$(BUILT_PRODUCTS_DIR)/TASK-NumberOfCards.app/TASK-NumberOfCards";
			};
			name = Release;
		};
		603B4AD3253469AB00296FB7 /* Debug */ = {
			isa = XCBuildConfiguration;
			buildSettings = {
				ALWAYS_EMBED_SWIFT_STANDARD_LIBRARIES = YES;
				CODE_SIGN_STYLE = Automatic;
				INFOPLIST_FILE = "TASK-NumberOfCardsUITests/Info.plist";
				LD_RUNPATH_SEARCH_PATHS = (
					"$(inherited)",
					"@executable_path/Frameworks",
					"@loader_path/Frameworks",
				);
				PRODUCT_BUNDLE_IDENTIFIER = "com.example.TASK-NumberOfCardsUITests";
				PRODUCT_NAME = "$(TARGET_NAME)";
				SWIFT_VERSION = 5.0;
				TARGETED_DEVICE_FAMILY = "1,2";
				TEST_TARGET_NAME = "TASK-NumberOfCards";
			};
			name = Debug;
		};
		603B4AD4253469AB00296FB7 /* Release */ = {
			isa = XCBuildConfiguration;
			buildSettings = {
				ALWAYS_EMBED_SWIFT_STANDARD_LIBRARIES = YES;
				CODE_SIGN_STYLE = Automatic;
				INFOPLIST_FILE = "TASK-NumberOfCardsUITests/Info.plist";
				LD_RUNPATH_SEARCH_PATHS = (
					"$(inherited)",
					"@executable_path/Frameworks",
					"@loader_path/Frameworks",
				);
				PRODUCT_BUNDLE_IDENTIFIER = "com.example.TASK-NumberOfCardsUITests";
				PRODUCT_NAME = "$(TARGET_NAME)";
				SWIFT_VERSION = 5.0;
				TARGETED_DEVICE_FAMILY = "1,2";
				TEST_TARGET_NAME = "TASK-NumberOfCards";
			};
			name = Release;
		};
/* End XCBuildConfiguration section */

/* Begin XCConfigurationList section */
		603B4A9D253469A900296FB7 /* Build configuration list for PBXProject "TASK-NumberOfCards" */ = {
			isa = XCConfigurationList;
			buildConfigurations = (
				603B4ACA253469AB00296FB7 /* Debug */,
				603B4ACB253469AB00296FB7 /* Release */,
			);
			defaultConfigurationIsVisible = 0;
			defaultConfigurationName = Release;
		};
		603B4ACC253469AB00296FB7 /* Build configuration list for PBXNativeTarget "TASK-NumberOfCards" */ = {
			isa = XCConfigurationList;
			buildConfigurations = (
				603B4ACD253469AB00296FB7 /* Debug */,
				603B4ACE253469AB00296FB7 /* Release */,
			);
			defaultConfigurationIsVisible = 0;
			defaultConfigurationName = Release;
		};
		603B4ACF253469AB00296FB7 /* Build configuration list for PBXNativeTarget "TASK-NumberOfCardsTests" */ = {
			isa = XCConfigurationList;
			buildConfigurations = (
				603B4AD0253469AB00296FB7 /* Debug */,
				603B4AD1253469AB00296FB7 /* Release */,
			);
			defaultConfigurationIsVisible = 0;
			defaultConfigurationName = Release;
		};
		603B4AD2253469AB00296FB7 /* Build configuration list for PBXNativeTarget "TASK-NumberOfCardsUITests" */ = {
			isa = XCConfigurationList;
			buildConfigurations = (
				603B4AD3253469AB00296FB7 /* Debug */,
				603B4AD4253469AB00296FB7 /* Release */,
			);
			defaultConfigurationIsVisible = 0;
			defaultConfigurationName = Release;
		};
/* End XCConfigurationList section */
	};
	rootObject = 603B4A9A253469A900296FB7 /* Project object */;
}
